
Microsoft Visual Studio Solution File, Format Version 12.00
# Visual Studio Version 17
VisualStudioVersion = 17.0.31903.59
MinimumVisualStudioVersion = 10.0.40219.1
Project("{2150E333-8FDC-42A3-9474-1A3956D46DE8}") = "src", "src", "{827E0CD3-B72D-47B6-A68D-7590B98EB39B}"
EndProject
Project("{FAE04EC0-301F-11D3-BF4B-00C04F79EFBC}") = "PaperNote.Desktop", "src\PaperNote.Desktop\PaperNote.Desktop.csproj", "{343898C9-8C20-4337-A604-F72008E8CEAD}"
EndProject
Project("{2150E333-8FDC-42A3-9474-1A3956D46DE8}") = "tests", "tests", "{0AB3BF05-4346-4AA6-1389-037BE0695223}"
EndProject
Project("{FAE04EC0-301F-11D3-BF4B-00C04F79EFBC}") = "SmokeTest", "tests\SmokeTest\SmokeTest.csproj", "{03C57DC3-7DA6-4C74-834A-B64C9C5C1898}"
EndProject
Project("{FAE04EC0-301F-11D3-BF4B-00C04F79EFBC}") = "BackgroundUiTest", "tests\BackgroundUiTest\BackgroundUiTest.csproj", "{BFC2399C-7861-40D3-B817-F365812D5B95}"
EndProject
Global
	GlobalSection(SolutionConfigurationPlatforms) = preSolution
		Debug|Any CPU = Debug|Any CPU
		Debug|x64 = Debug|x64
		Debug|x86 = Debug|x86
		Release|Any CPU = Release|Any CPU
		Release|x64 = Release|x64
		Release|x86 = Release|x86
	EndGlobalSection
	GlobalSection(ProjectConfigurationPlatforms) = postSolution
		{343898C9-8C20-4337-A604-F72008E8CEAD}.Debug|Any CPU.ActiveCfg = Debug|Any CPU
		{343898C9-8C20-4337-A604-F72008E8CEAD}.Debug|Any CPU.Build.0 = Debug|Any CPU
		{343898C9-8C20-4337-A604-F72008E8CEAD}.Debug|x64.ActiveCfg = Debug|Any CPU
		{343898C9-8C20-4337-A604-F72008E8CEAD}.Debug|x64.Build.0 = Debug|Any CPU
		{343898C9-8C20-4337-A604-F72008E8CEAD}.Debug|x86.ActiveCfg = Debug|Any CPU
		{343898C9-8C20-4337-A604-F72008E8CEAD}.Debug|x86.Build.0 = Debug|Any CPU
		{343898C9-8C20-4337-A604-F72008E8CEAD}.Release|Any CPU.ActiveCfg = Release|Any CPU
		{343898C9-8C20-4337-A604-F72008E8CEAD}.Release|Any CPU.Build.0 = Release|Any CPU
		{343898C9-8C20-4337-A604-F72008E8CEAD}.Release|x64.ActiveCfg = Release|Any CPU
		{343898C9-8C20-4337-A604-F72008E8CEAD}.Release|x64.Build.0 = Release|Any CPU
		{343898C9-8C20-4337-A604-F72008E8CEAD}.Release|x86.ActiveCfg = Release|Any CPU
		{343898C9-8C20-4337-A604-F72008E8CEAD}.Release|x86.Build.0 = Release|Any CPU
		{03C57DC3-7DA6-4C74-834A-B64C9C5C1898}.Debug|Any CPU.ActiveCfg = Debug|Any CPU
		{03C57DC3-7DA6-4C74-834A-B64C9C5C1898}.Debug|Any CPU.Build.0 = Debug|Any CPU
		{03C57DC3-7DA6-4C74-834A-B64C9C5C1898}.Debug|x64.ActiveCfg = Debug|Any CPU
		{03C57DC3-7DA6-4C74-834A-B64C9C5C1898}.Debug|x64.Build.0 = Debug|Any CPU
		{03C57DC3-7DA6-4C74-834A-B64C9C5C1898}.Debug|x86.ActiveCfg = Debug|Any CPU
		{03C57DC3-7DA6-4C74-834A-B64C9C5C1898}.Debug|x86.Build.0 = Debug|Any CPU
		{03C57DC3-7DA6-4C74-834A-B64C9C5C1898}.Release|Any CPU.ActiveCfg = Release|Any CPU
		{03C57DC3-7DA6-4C74-834A-B64C9C5C1898}.Release|Any CPU.Build.0 = Release|Any CPU
		{03C57DC3-7DA6-4C74-834A-B64C9C5C1898}.Release|x64.ActiveCfg = Release|Any CPU
		{03C57DC3-7DA6-4C74-834A-B64C9C5C1898}.Release|x64.Build.0 = Release|Any CPU
		{03C57DC3-7DA6-4C74-834A-B64C9C5C1898}.Release|x86.ActiveCfg = Release|Any CPU
		{03C57DC3-7DA6-4C74-834A-B64C9C5C1898}.Release|x86.Build.0 = Release|Any CPU
		{BFC2399C-7861-40D3-B817-F365812D5B95}.Debug|Any CPU.ActiveCfg = Debug|Any CPU
		{BFC2399C-7861-40D3-B817-F365812D5B95}.Debug|Any CPU.Build.0 = Debug|Any CPU
		{BFC2399C-7861-40D3-B817-F365812D5B95}.Debug|x64.ActiveCfg = Debug|Any CPU
		{BFC2399C-7861-40D3-B817-F365812D5B95}.Debug|x64.Build.0 = Debug|Any CPU
		{BFC2399C-7861-40D3-B817-F365812D5B95}.Debug|x86.ActiveCfg = Debug|Any CPU
		{BFC2399C-7861-40D3-B817-F365812D5B95}.Debug|x86.Build.0 = Debug|Any CPU
		{BFC2399C-7861-40D3-B817-F365812D5B95}.Release|Any CPU.ActiveCfg = Release|Any CPU
		{BFC2399C-7861-40D3-B817-F365812D5B95}.Release|Any CPU.Build.0 = Release|Any CPU
		{BFC2399C-7861-40D3-B817-F365812D5B95}.Release|x64.ActiveCfg = Release|Any CPU
		{BFC2399C-7861-40D3-B817-F365812D5B95}.Release|x64.Build.0 = Release|Any CPU
		{BFC2399C-7861-40D3-B817-F365812D5B95}.Release|x86.ActiveCfg = Release|Any CPU
		{BFC2399C-7861-40D3-B817-F365812D5B95}.Release|x86.Build.0 = Release|Any CPU
	EndGlobalSection
	GlobalSection(SolutionProperties) = preSolution
		HideSolutionNode = FALSE
	EndGlobalSection
	GlobalSection(NestedProjects) = preSolution
		{343898C9-8C20-4337-A604-F72008E8CEAD} = {827E0CD3-B72D-47B6-A68D-7590B98EB39B}
		{03C57DC3-7DA6-4C74-834A-B64C9C5C1898} = {0AB3BF05-4346-4AA6-1389-037BE0695223}
		{BFC2399C-7861-40D3-B817-F365812D5B95} = {0AB3BF05-4346-4AA6-1389-037BE0695223}
	EndGlobalSection
EndGlobal
